
Microsoft Visual Studio Solution File, Format Version 12.00
# Visual Studio Version 16
VisualStudioVersion = 16.0.31911.196
MinimumVisualStudioVersion = 10.0.40219.1
Project("{FAE04EC0-301F-11D3-BF4B-00C04F79EFBC}") = "ConsoleApp8", "ConsoleApp8\ConsoleApp8.csproj", "{94CAB058-CB74-4509-AF42-B98BE0309930}"
EndProject
Global
	GlobalSection(SolutionConfigurationPlatforms) = preSolution
		Debug|Any CPU = Debug|Any CPU
		Release|Any CPU = Release|Any CPU
	EndGlobalSection
	GlobalSection(ProjectConfigurationPlatforms) = postSolution
		{94CAB058-CB74-4509-AF42-B98BE0309930}.Debug|Any CPU.ActiveCfg = Debug|Any CPU
		{94CAB058-CB74-4509-AF42-B98BE0309930}.Debug|Any CPU.Build.0 = Debug|Any CPU
		{94CAB058-CB74-4509-AF42-B98BE0309930}.Release|Any CPU.ActiveCfg = Release|Any CPU
		{94CAB058-CB74-4509-AF42-B98BE0309930}.Release|Any CPU.Build.0 = Release|Any CPU
	EndGlobalSection
	GlobalSection(SolutionProperties) = preSolution
		HideSolutionNode = FALSE
	EndGlobalSection
	GlobalSection(ExtensibilityGlobals) = postSolution
		SolutionGuid = {7EF9648C-BE86-4E26-B43C-99797E538881}
	EndGlobalSection
EndGlobal
